
Microsoft Visual Studio Solution File, Format Version 12.00
# Visual Studio Version 16
VisualStudioVersion = 16.0.32413.511
MinimumVisualStudioVersion = 10.0.40219.1
Project("{9A19103F-16F7-4668-BE54-9A1E7A4F7556}") = "AcademyApp", "Academy\AcademyApp.csproj", "{3F561E84-3532-4282-8220-1394907F5CA1}"
EndProject
Project("{9A19103F-16F7-4668-BE54-9A1E7A4F7556}") = "Domain", "Domain\Domain.csproj", "{CA4BDD57-DCEE-47E2-B7E2-783639B13235}"
EndProject
Project("{9A19103F-16F7-4668-BE54-9A1E7A4F7556}") = "Repository", "Repository\Repository.csproj", "{13F5E2A6-FA89-4355-9644-56EABD6DB22E}"
EndProject
Project("{9A19103F-16F7-4668-BE54-9A1E7A4F7556}") = "Service", "Service\Service.csproj", "{F74EE606-26DA-41DB-997F-CFFAE003F927}"
EndProject
Global
	GlobalSection(SolutionConfigurationPlatforms) = preSolution
		Debug|Any CPU = Debug|Any CPU
		Release|Any CPU = Release|Any CPU
	EndGlobalSection
	GlobalSection(ProjectConfigurationPlatforms) = postSolution
		{3F561E84-3532-4282-8220-1394907F5CA1}.Debug|Any CPU.ActiveCfg = Debug|Any CPU
		{3F561E84-3532-4282-8220-1394907F5CA1}.Debug|Any CPU.Build.0 = Debug|Any CPU
		{3F561E84-3532-4282-8220-1394907F5CA1}.Release|Any CPU.ActiveCfg = Release|Any CPU
		{3F561E84-3532-4282-8220-1394907F5CA1}.Release|Any CPU.Build.0 = Release|Any CPU
		{CA4BDD57-DCEE-47E2-B7E2-783639B13235}.Debug|Any CPU.ActiveCfg = Debug|Any CPU
		{CA4BDD57-DCEE-47E2-B7E2-783639B13235}.Debug|Any CPU.Build.0 = Debug|Any CPU
		{CA4BDD57-DCEE-47E2-B7E2-783639B13235}.Release|Any CPU.ActiveCfg = Release|Any CPU
		{CA4BDD57-DCEE-47E2-B7E2-783639B13235}.Release|Any CPU.Build.0 = Release|Any CPU
		{13F5E2A6-FA89-4355-9644-56EABD6DB22E}.Debug|Any CPU.ActiveCfg = Debug|Any CPU
		{13F5E2A6-FA89-4355-9644-56EABD6DB22E}.Debug|Any CPU.Build.0 = Debug|Any CPU
		{13F5E2A6-FA89-4355-9644-56EABD6DB22E}.Release|Any CPU.ActiveCfg = Release|Any CPU
		{13F5E2A6-FA89-4355-9644-56EABD6DB22E}.Release|Any CPU.Build.0 = Release|Any CPU
		{F74EE606-26DA-41DB-997F-CFFAE003F927}.Debug|Any CPU.ActiveCfg = Debug|Any CPU
		{F74EE606-26DA-41DB-997F-CFFAE003F927}.Debug|Any CPU.Build.0 = Debug|Any CPU
		{F74EE606-26DA-41DB-997F-CFFAE003F927}.Release|Any CPU.ActiveCfg = Release|Any CPU
		{F74EE606-26DA-41DB-997F-CFFAE003F927}.Release|Any CPU.Build.0 = Release|Any CPU
	EndGlobalSection
	GlobalSection(SolutionProperties) = preSolution
		HideSolutionNode = FALSE
	EndGlobalSection
	GlobalSection(ExtensibilityGlobals) = postSolution
		SolutionGuid = {F74007CC-B0FD-442E-8A33-D0CD9A518A79}
	EndGlobalSection
EndGlobal
